{
  "name": "lightheartedplaintivejavadoc",
  "version": "1.0.0",
  "lockfileVersion": 2,
  "requires": true,
  "packages": {
    "": {
      "name": "lightheartedplaintivejavadoc",
      "version": "1.0.0",
      "license": "ISC",
      "dependencies": {
        "algoliasearch": "^4.13.1",
        "prop-types": "^15.8.1",
        "react": "^18.1.0",
        "react-instantsearch-dom": "^6.26.0"
      }
    },
    "node_modules/@algolia/cache-browser-local-storage": {
      "version": "4.13.1",
      "resolved": "https://registry.npmjs.org/@algolia/cache-browser-local-storage/-/cache-browser-local-storage-4.13.1.tgz",
      "integrity": "sha512-UAUVG2PEfwd/FfudsZtYnidJ9eSCpS+LW9cQiesePQLz41NAcddKxBak6eP2GErqyFagSlnVXe/w2E9h2m2ttg==",
      "dependencies": {
        "@algolia/cache-common": "4.13.1"
      }
    },
    "node_modules/@algolia/cache-common": {
      "version": "4.13.1",
      "resolved": "https://registry.npmjs.org/@algolia/cache-common/-/cache-common-4.13.1.tgz",
      "integrity": "sha512-7Vaf6IM4L0Jkl3sYXbwK+2beQOgVJ0mKFbz/4qSxKd1iy2Sp77uTAazcX+Dlexekg1fqGUOSO7HS4Sx47ZJmjA=="
    },
    "node_modules/@algolia/cache-in-memory": {
      "version": "4.13.1",
      "resolved": "https://registry.npmjs.org/@algolia/cache-in-memory/-/cache-in-memory-4.13.1.tgz",
      "integrity": "sha512-pZzybCDGApfA/nutsFK1P0Sbsq6fYJU3DwIvyKg4pURerlJM4qZbB9bfLRef0FkzfQu7W11E4cVLCIOWmyZeuQ==",
      "dependencies": {
        "@algolia/cache-common": "4.13.1"
      }
    },
    "node_modules/@algolia/client-account": {
      "version": "4.13.1",
      "resolved": "https://registry.npmjs.org/@algolia/client-account/-/client-account-4.13.1.tgz",
      "integrity": "sha512-TFLiZ1KqMiir3FNHU+h3b0MArmyaHG+eT8Iojio6TdpeFcAQ1Aiy+2gb3SZk3+pgRJa/BxGmDkRUwE5E/lv3QQ==",
      "dependencies": {
        "@algolia/client-common": "4.13.1",
        "@algolia/client-search": "4.13.1",
        "@algolia/transporter": "4.13.1"
      }
    },
    "node_modules/@algolia/client-analytics": {
      "version": "4.13.1",
      "resolved": "https://registry.npmjs.org/@algolia/client-analytics/-/client-analytics-4.13.1.tgz",
      "integrity": "sha512-iOS1JBqh7xaL5x00M5zyluZ9+9Uy9GqtYHv/2SMuzNW1qP7/0doz1lbcsP3S7KBbZANJTFHUOfuqyRLPk91iFA==",
      "dependencies": {
        "@algolia/client-common": "4.13.1",
        "@algolia/client-search": "4.13.1",
        "@algolia/requester-common": "4.13.1",
        "@algolia/transporter": "4.13.1"
      }
    },
    "node_modules/@algolia/client-common": {
      "version": "4.13.1",
      "resolved": "https://registry.npmjs.org/@algolia/client-common/-/client-common-4.13.1.tgz",
      "integrity": "sha512-LcDoUE0Zz3YwfXJL6lJ2OMY2soClbjrrAKB6auYVMNJcoKZZ2cbhQoFR24AYoxnGUYBER/8B+9sTBj5bj/Gqbg==",
      "dependencies": {
        "@algolia/requester-common": "4.13.1",
        "@algolia/transporter": "4.13.1"
      }
    },
    "node_modules/@algolia/client-personalization": {
      "version": "4.13.1",
      "resolved": "https://registry.npmjs.org/@algolia/client-personalization/-/client-personalization-4.13.1.tgz",
      "integrity": "sha512-1CqrOW1ypVrB4Lssh02hP//YxluoIYXAQCpg03L+/RiXJlCs+uIqlzC0ctpQPmxSlTK6h07kr50JQoYH/TIM9w==",
      "dependencies": {
        "@algolia/client-common": "4.13.1",
        "@algolia/requester-common": "4.13.1",
        "@algolia/transporter": "4.13.1"
      }
    },
    "node_modules/@algolia/client-search": {
      "version": "4.13.1",
      "resolved": "https://registry.npmjs.org/@algolia/client-search/-/client-search-4.13.1.tgz",
      "integrity": "sha512-YQKYA83MNRz3FgTNM+4eRYbSmHi0WWpo019s5SeYcL3HUan/i5R09VO9dk3evELDFJYciiydSjbsmhBzbpPP2A==",
      "dependencies": {
        "@algolia/client-common": "4.13.1",
        "@algolia/requester-common": "4.13.1",
        "@algolia/transporter": "4.13.1"
      }
    },
    "node_modules/@algolia/events": {
      "version": "4.0.1",
      "resolved": "https://registry.npmjs.org/@algolia/events/-/events-4.0.1.tgz",
      "integrity": "sha512-FQzvOCgoFXAbf5Y6mYozw2aj5KCJoA3m4heImceldzPSMbdyS4atVjJzXKMsfX3wnZTFYwkkt8/z8UesLHlSBQ=="
    },
    "node_modules/@algolia/logger-common": {
      "version": "4.13.1",
      "resolved": "https://registry.npmjs.org/@algolia/logger-common/-/logger-common-4.13.1.tgz",
      "integrity": "sha512-L6slbL/OyZaAXNtS/1A8SAbOJeEXD5JcZeDCPYDqSTYScfHu+2ePRTDMgUTY4gQ7HsYZ39N1LujOd8WBTmM2Aw=="
    },
    "node_modules/@algolia/logger-console": {
      "version": "4.13.1",
      "resolved": "https://registry.npmjs.org/@algolia/logger-console/-/logger-console-4.13.1.tgz",
      "integrity": "sha512-7jQOTftfeeLlnb3YqF8bNgA2GZht7rdKkJ31OCeSH2/61haO0tWPoNRjZq9XLlgMQZH276pPo0NdiArcYPHjCA==",
      "dependencies": {
        "@algolia/logger-common": "4.13.1"
      }
    },
    "node_modules/@algolia/requester-browser-xhr": {
      "version": "4.13.1",
      "resolved": "https://registry.npmjs.org/@algolia/requester-browser-xhr/-/requester-browser-xhr-4.13.1.tgz",
      "integrity": "sha512-oa0CKr1iH6Nc7CmU6RE7TnXMjHnlyp7S80pP/LvZVABeJHX3p/BcSCKovNYWWltgTxUg0U1o+2uuy8BpMKljwA==",
      "dependencies": {
        "@algolia/requester-common": "4.13.1"
      }
    },
    "node_modules/@algolia/requester-common": {
      "version": "4.13.1",
      "resolved": "https://registry.npmjs.org/@algolia/requester-common/-/requester-common-4.13.1.tgz",
      "integrity": "sha512-eGVf0ID84apfFEuXsaoSgIxbU3oFsIbz4XiotU3VS8qGCJAaLVUC5BUJEkiFENZIhon7hIB4d0RI13HY4RSA+w=="
    },
    "node_modules/@algolia/requester-node-http": {
      "version": "4.13.1",
      "resolved": "https://registry.npmjs.org/@algolia/requester-node-http/-/requester-node-http-4.13.1.tgz",
      "integrity": "sha512-7C0skwtLdCz5heKTVe/vjvrqgL/eJxmiEjHqXdtypcE5GCQCYI15cb+wC4ytYioZDMiuDGeVYmCYImPoEgUGPw==",
      "dependencies": {
        "@algolia/requester-common": "4.13.1"
      }
    },
    "node_modules/@algolia/transporter": {
      "version": "4.13.1",
      "resolved": "https://registry.npmjs.org/@algolia/transporter/-/transporter-4.13.1.tgz",
      "integrity": "sha512-pICnNQN7TtrcYJqqPEXByV8rJ8ZRU2hCiIKLTLRyNpghtQG3VAFk6fVtdzlNfdUGZcehSKGarPIZEHlQXnKjgw==",
      "dependencies": {
        "@algolia/cache-common": "4.13.1",
        "@algolia/logger-common": "4.13.1",
        "@algolia/requester-common": "4.13.1"
      }
    },
    "node_modules/@babel/runtime": {
      "version": "7.18.3",
      "resolved": "https://registry.npmjs.org/@babel/runtime/-/runtime-7.18.3.tgz",
      "integrity": "sha512-38Y8f7YUhce/K7RMwTp7m0uCumpv9hZkitCbBClqQIow1qSbCvGkcegKOXpEWCQLfWmevgRiWokZ1GkpfhbZug==",
      "dependencies": {
        "regenerator-runtime": "^0.13.4"
      },
      "engines": {
        "node": ">=6.9.0"
      }
    },
    "node_modules/algoliasearch": {
      "version": "4.13.1",
      "resolved": "https://registry.npmjs.org/algoliasearch/-/algoliasearch-4.13.1.tgz",
      "integrity": "sha512-dtHUSE0caWTCE7liE1xaL+19AFf6kWEcyn76uhcitWpntqvicFHXKFoZe5JJcv9whQOTRM6+B8qJz6sFj+rDJA==",
      "dependencies": {
        "@algolia/cache-browser-local-storage": "4.13.1",
        "@algolia/cache-common": "4.13.1",
        "@algolia/cache-in-memory": "4.13.1",
        "@algolia/client-account": "4.13.1",
        "@algolia/client-analytics": "4.13.1",
        "@algolia/client-common": "4.13.1",
        "@algolia/client-personalization": "4.13.1",
        "@algolia/client-search": "4.13.1",
        "@algolia/logger-common": "4.13.1",
        "@algolia/logger-console": "4.13.1",
        "@algolia/requester-browser-xhr": "4.13.1",
        "@algolia/requester-common": "4.13.1",
        "@algolia/requester-node-http": "4.13.1",
        "@algolia/transporter": "4.13.1"
      }
    },
    "node_modules/algoliasearch-helper": {
      "version": "3.8.2",
      "resolved": "https://registry.npmjs.org/algoliasearch-helper/-/algoliasearch-helper-3.8.2.tgz",
      "integrity": "sha512-AXxiF0zT9oYwl8ZBgU/eRXvfYhz7cBA5YrLPlw9inZHdaYF0QEya/f1Zp1mPYMXc1v6VkHwBq4pk6/vayBLICg==",
      "dependencies": {
        "@algolia/events": "^4.0.1"
      },
      "peerDependencies": {
        "algoliasearch": ">= 3.1 < 5"
      }
    },
    "node_modules/classnames": {
      "version": "2.3.1",
      "resolved": "https://registry.npmjs.org/classnames/-/classnames-2.3.1.tgz",
      "integrity": "sha512-OlQdbZ7gLfGarSqxesMesDa5uz7KFbID8Kpq/SxIoNGDqY8lSYs0D+hhtBXhcdB3rcbXArFr7vlHheLk1voeNA=="
    },
    "node_modules/js-tokens": {
      "version": "4.0.0",
      "resolved": "https://registry.npmjs.org/js-tokens/-/js-tokens-4.0.0.tgz",
      "integrity": "sha512-RdJUflcE3cUzKiMqQgsCu06FPu9UdIJO0beYbPhHN4k6apgJtifcoCtT9bcxOpYBtpD2kCM6Sbzg4CausW/PKQ=="
    },
    "node_modules/loose-envify": {
      "version": "1.4.0",
      "resolved": "https://registry.npmjs.org/loose-envify/-/loose-envify-1.4.0.tgz",
      "integrity": "sha512-lyuxPGr/Wfhrlem2CL/UcnUc1zcqKAImBDzukY7Y5F/yQiNdko6+fRLevlw1HgMySw7f611UIY408EtxRSoK3Q==",
      "dependencies": {
        "js-tokens": "^3.0.0 || ^4.0.0"
      },
      "bin": {
        "loose-envify": "cli.js"
      }
    },
    "node_modules/object-assign": {
      "version": "4.1.1",
      "resolved": "https://registry.npmjs.org/object-assign/-/object-assign-4.1.1.tgz",
      "integrity": "sha1-IQmtx5ZYh8/AXLvUQsrIv7s2CGM=",
      "engines": {
        "node": ">=0.10.0"
      }
    },
    "node_modules/prop-types": {
      "version": "15.8.1",
      "resolved": "https://registry.npmjs.org/prop-types/-/prop-types-15.8.1.tgz",
      "integrity": "sha512-oj87CgZICdulUohogVAR7AjlC0327U4el4L6eAvOqCeudMDVU0NThNaV+b9Df4dXgSP1gXMTnPdhfe/2qDH5cg==",
      "dependencies": {
        "loose-envify": "^1.4.0",
        "object-assign": "^4.1.1",
        "react-is": "^16.13.1"
      }
    },
    "node_modules/react": {
      "version": "18.1.0",
      "resolved": "https://registry.npmjs.org/react/-/react-18.1.0.tgz",
      "integrity": "sha512-4oL8ivCz5ZEPyclFQXaNksK3adutVS8l2xzZU0cqEFrE9Sb7fC0EFK5uEk74wIreL1DERyjvsU915j1pcT2uEQ==",
      "dependencies": {
        "loose-envify": "^1.1.0"
      },
      "engines": {
        "node": ">=0.10.0"
      }
    },
    "node_modules/react-dom": {
      "version": "18.1.0",
      "resolved": "https://registry.npmjs.org/react-dom/-/react-dom-18.1.0.tgz",
      "integrity": "sha512-fU1Txz7Budmvamp7bshe4Zi32d0ll7ect+ccxNu9FlObT605GOEB8BfO4tmRJ39R5Zj831VCpvQ05QPBW5yb+w==",
      "peer": true,
      "dependencies": {
        "loose-envify": "^1.1.0",
        "scheduler": "^0.22.0"
      },
      "peerDependencies": {
        "react": "^18.1.0"
      }
    },
    "node_modules/react-fast-compare": {
      "version": "3.2.0",
      "resolved": "https://registry.npmjs.org/react-fast-compare/-/react-fast-compare-3.2.0.tgz",
      "integrity": "sha512-rtGImPZ0YyLrscKI9xTpV8psd6I8VAtjKCzQDlzyDvqJA8XOW78TXYQwNRNd8g8JZnDu8q9Fu/1v4HPAVwVdHA=="
    },
    "node_modules/react-instantsearch-core": {
      "version": "6.26.0",
      "resolved": "https://registry.npmjs.org/react-instantsearch-core/-/react-instantsearch-core-6.26.0.tgz",
      "integrity": "sha512-rBfyP05t6SHuBcXiKibzz0jgA8/qLepy4J/RWb9z++GM6wHO/D0Rhs5eFCw9fBJbXKs3iw1FR5BhxuJV1zBhsQ==",
      "dependencies": {
        "@babel/runtime": "^7.1.2",
        "algoliasearch-helper": "^3.8.0",
        "prop-types": "^15.6.2",
        "react-fast-compare": "^3.0.0"
      },
      "peerDependencies": {
        "algoliasearch": ">= 3.1 < 5",
        "react": ">= 16.3.0 < 19"
      }
    },
    "node_modules/react-instantsearch-dom": {
      "version": "6.26.0",
      "resolved": "https://registry.npmjs.org/react-instantsearch-dom/-/react-instantsearch-dom-6.26.0.tgz",
      "integrity": "sha512-ai3FlvfhZ019OmOG9V4fdIA28Vlw9KuvHEsG9Nl4WkB3Ic4aPxuxaPNxnlT1CXTIVFgegptkVxi6A0iQvaTCcA==",
      "dependencies": {
        "@babel/runtime": "^7.1.2",
        "algoliasearch-helper": "^3.8.0",
        "classnames": "^2.2.5",
        "prop-types": "^15.6.2",
        "react-fast-compare": "^3.0.0",
        "react-instantsearch-core": "6.26.0"
      },
      "peerDependencies": {
        "algoliasearch": ">= 3.1 < 5",
        "react": ">= 16.3.0 < 19",
        "react-dom": ">= 16.3.0 < 19"
      }
    },
    "node_modules/react-is": {
      "version": "16.13.1",
      "resolved": "https://registry.npmjs.org/react-is/-/react-is-16.13.1.tgz",
      "integrity": "sha512-24e6ynE2H+OKt4kqsOvNd8kBpV65zoxbA4BVsEOB3ARVWQki/DHzaUoC5KuON/BiccDaCCTZBuOcfZs70kR8bQ=="
    },
    "node_modules/regenerator-runtime": {
      "version": "0.13.9",
      "resolved": "https://registry.npmjs.org/regenerator-runtime/-/regenerator-runtime-0.13.9.tgz",
      "integrity": "sha512-p3VT+cOEgxFsRRA9X4lkI1E+k2/CtnKtU4gcxyaCUreilL/vqI6CdZ3wxVUx3UOUg+gnUOQQcRI7BmSI656MYA=="
    },
    "node_modules/scheduler": {
      "version": "0.22.0",
      "resolved": "https://registry.npmjs.org/scheduler/-/scheduler-0.22.0.tgz",
      "integrity": "sha512-6QAm1BgQI88NPYymgGQLCZgvep4FyePDWFpXVK+zNSUgHwlqpJy8VEh8Et0KxTACS4VWwMousBElAZOH9nkkoQ==",
      "peer": true,
      "dependencies": {
        "loose-envify": "^1.1.0"
      }
    }
  },
  "dependencies": {
    "@algolia/cache-browser-local-storage": {
      "version": "4.13.1",
      "resolved": "https://registry.npmjs.org/@algolia/cache-browser-local-storage/-/cache-browser-local-storage-4.13.1.tgz",
      "integrity": "sha512-UAUVG2PEfwd/FfudsZtYnidJ9eSCpS+LW9cQiesePQLz41NAcddKxBak6eP2GErqyFagSlnVXe/w2E9h2m2ttg==",
      "requires": {
        "@algolia/cache-common": "4.13.1"
      }
    },
    "@algolia/cache-common": {
      "version": "4.13.1",
      "resolved": "https://registry.npmjs.org/@algolia/cache-common/-/cache-common-4.13.1.tgz",
      "integrity": "sha512-7Vaf6IM4L0Jkl3sYXbwK+2beQOgVJ0mKFbz/4qSxKd1iy2Sp77uTAazcX+Dlexekg1fqGUOSO7HS4Sx47ZJmjA=="
    },
    "@algolia/cache-in-memory": {
      "version": "4.13.1",
      "resolved": "https://registry.npmjs.org/@algolia/cache-in-memory/-/cache-in-memory-4.13.1.tgz",
      "integrity": "sha512-pZzybCDGApfA/nutsFK1P0Sbsq6fYJU3DwIvyKg4pURerlJM4qZbB9bfLRef0FkzfQu7W11E4cVLCIOWmyZeuQ==",
      "requires": {
        "@algolia/cache-common": "4.13.1"
      }
    },
    "@algolia/client-account": {
      "version": "4.13.1",
      "resolved": "https://registry.npmjs.org/@algolia/client-account/-/client-account-4.13.1.tgz",
      "integrity": "sha512-TFLiZ1KqMiir3FNHU+h3b0MArmyaHG+eT8Iojio6TdpeFcAQ1Aiy+2gb3SZk3+pgRJa/BxGmDkRUwE5E/lv3QQ==",
      "requires": {
        "@algolia/client-common": "4.13.1",
        "@algolia/client-search": "4.13.1",
        "@algolia/transporter": "4.13.1"
      }
    },
    "@algolia/client-analytics": {
      "version": "4.13.1",
      "resolved": "https://registry.npmjs.org/@algolia/client-analytics/-/client-analytics-4.13.1.tgz",
      "integrity": "sha512-iOS1JBqh7xaL5x00M5zyluZ9+9Uy9GqtYHv/2SMuzNW1qP7/0doz1lbcsP3S7KBbZANJTFHUOfuqyRLPk91iFA==",
      "requires": {
        "@algolia/client-common": "4.13.1",
        "@algolia/client-search": "4.13.1",
        "@algolia/requester-common": "4.13.1",
        "@algolia/transporter": "4.13.1"
      }
    },
    "@algolia/client-common": {
      "version": "4.13.1",
      "resolved": "https://registry.npmjs.org/@algolia/client-common/-/client-common-4.13.1.tgz",
      "integrity": "sha512-LcDoUE0Zz3YwfXJL6lJ2OMY2soClbjrrAKB6auYVMNJcoKZZ2cbhQoFR24AYoxnGUYBER/8B+9sTBj5bj/Gqbg==",
      "requires": {
        "@algolia/requester-common": "4.13.1",
        "@algolia/transporter": "4.13.1"
      }
    },
    "@algolia/client-personalization": {
      "version": "4.13.1",
      "resolved": "https://registry.npmjs.org/@algolia/client-personalization/-/client-personalization-4.13.1.tgz",
      "integrity": "sha512-1CqrOW1ypVrB4Lssh02hP//YxluoIYXAQCpg03L+/RiXJlCs+uIqlzC0ctpQPmxSlTK6h07kr50JQoYH/TIM9w==",
      "requires": {
        "@algolia/client-common": "4.13.1",
        "@algolia/requester-common": "4.13.1",
        "@algolia/transporter": "4.13.1"
      }
    },
    "@algolia/client-search": {
      "version": "4.13.1",
      "resolved": "https://registry.npmjs.org/@algolia/client-search/-/client-search-4.13.1.tgz",
      "integrity": "sha512-YQKYA83MNRz3FgTNM+4eRYbSmHi0WWpo019s5SeYcL3HUan/i5R09VO9dk3evELDFJYciiydSjbsmhBzbpPP2A==",
      "requires": {
        "@algolia/client-common": "4.13.1",
        "@algolia/requester-common": "4.13.1",
        "@algolia/transporter": "4.13.1"
      }
    },
    "@algolia/events": {
      "version": "4.0.1",
      "resolved": "https://registry.npmjs.org/@algolia/events/-/events-4.0.1.tgz",
      "integrity": "sha512-FQzvOCgoFXAbf5Y6mYozw2aj5KCJoA3m4heImceldzPSMbdyS4atVjJzXKMsfX3wnZTFYwkkt8/z8UesLHlSBQ=="
    },
    "@algolia/logger-common": {
      "version": "4.13.1",
      "resolved": "https://registry.npmjs.org/@algolia/logger-common/-/logger-common-4.13.1.tgz",
      "integrity": "sha512-L6slbL/OyZaAXNtS/1A8SAbOJeEXD5JcZeDCPYDqSTYScfHu+2ePRTDMgUTY4gQ7HsYZ39N1LujOd8WBTmM2Aw=="
    },
    "@algolia/logger-console": {
      "version": "4.13.1",
      "resolved": "https://registry.npmjs.org/@algolia/logger-console/-/logger-console-4.13.1.tgz",
      "integrity": "sha512-7jQOTftfeeLlnb3YqF8bNgA2GZht7rdKkJ31OCeSH2/61haO0tWPoNRjZq9XLlgMQZH276pPo0NdiArcYPHjCA==",
      "requires": {
        "@algolia/logger-common": "4.13.1"
      }
    },
    "@algolia/requester-browser-xhr": {
      "version": "4.13.1",
      "resolved": "https://registry.npmjs.org/@algolia/requester-browser-xhr/-/requester-browser-xhr-4.13.1.tgz",
      "integrity": "sha512-oa0CKr1iH6Nc7CmU6RE7TnXMjHnlyp7S80pP/LvZVABeJHX3p/BcSCKovNYWWltgTxUg0U1o+2uuy8BpMKljwA==",
      "requires": {
        "@algolia/requester-common": "4.13.1"
      }
    },
    "@algolia/requester-common": {
      "version": "4.13.1",
      "resolved": "https://registry.npmjs.org/@algolia/requester-common/-/requester-common-4.13.1.tgz",
      "integrity": "sha512-eGVf0ID84apfFEuXsaoSgIxbU3oFsIbz4XiotU3VS8qGCJAaLVUC5BUJEkiFENZIhon7hIB4d0RI13HY4RSA+w=="
    },
    "@algolia/requester-node-http": {
      "version": "4.13.1",
      "resolved": "https://registry.npmjs.org/@algolia/requester-node-http/-/requester-node-http-4.13.1.tgz",
      "integrity": "sha512-7C0skwtLdCz5heKTVe/vjvrqgL/eJxmiEjHqXdtypcE5GCQCYI15cb+wC4ytYioZDMiuDGeVYmCYImPoEgUGPw==",
      "requires": {
        "@algolia/requester-common": "4.13.1"
      }
    },
    "@algolia/transporter": {
      "version": "4.13.1",
      "resolved": "https://registry.npmjs.org/@algolia/transporter/-/transporter-4.13.1.tgz",
      "integrity": "sha512-pICnNQN7TtrcYJqqPEXByV8rJ8ZRU2hCiIKLTLRyNpghtQG3VAFk6fVtdzlNfdUGZcehSKGarPIZEHlQXnKjgw==",
      "requires": {
        "@algolia/cache-common": "4.13.1",
        "@algolia/logger-common": "4.13.1",
        "@algolia/requester-common": "4.13.1"
      }
    },
    "@babel/runtime": {
      "version": "7.18.3",
      "resolved": "https://registry.npmjs.org/@babel/runtime/-/runtime-7.18.3.tgz",
      "integrity": "sha512-38Y8f7YUhce/K7RMwTp7m0uCumpv9hZkitCbBClqQIow1qSbCvGkcegKOXpEWCQLfWmevgRiWokZ1GkpfhbZug==",
      "requires": {
        "regenerator-runtime": "^0.13.4"
      }
    },
    "algoliasearch": {
      "version": "4.13.1",
      "resolved": "https://registry.npmjs.org/algoliasearch/-/algoliasearch-4.13.1.tgz",
      "integrity": "sha512-dtHUSE0caWTCE7liE1xaL+19AFf6kWEcyn76uhcitWpntqvicFHXKFoZe5JJcv9whQOTRM6+B8qJz6sFj+rDJA==",
      "requires": {
        "@algolia/cache-browser-local-storage": "4.13.1",
        "@algolia/cache-common": "4.13.1",
        "@algolia/cache-in-memory": "4.13.1",
        "@algolia/client-account": "4.13.1",
        "@algolia/client-analytics": "4.13.1",
        "@algolia/client-common": "4.13.1",
        "@algolia/client-personalization": "4.13.1",
        "@algolia/client-search": "4.13.1",
        "@algolia/logger-common": "4.13.1",
        "@algolia/logger-console": "4.13.1",
        "@algolia/requester-browser-xhr": "4.13.1",
        "@algolia/requester-common": "4.13.1",
        "@algolia/requester-node-http": "4.13.1",
        "@algolia/transporter": "4.13.1"
      }
    },
    "algoliasearch-helper": {
      "version": "3.8.2",
      "resolved": "https://registry.npmjs.org/algoliasearch-helper/-/algoliasearch-helper-3.8.2.tgz",
      "integrity": "sha512-AXxiF0zT9oYwl8ZBgU/eRXvfYhz7cBA5YrLPlw9inZHdaYF0QEya/f1Zp1mPYMXc1v6VkHwBq4pk6/vayBLICg==",
      "requires": {
        "@algolia/events": "^4.0.1"
      }
    },
    "classnames": {
      "version": "2.3.1",
      "resolved": "https://registry.npmjs.org/classnames/-/classnames-2.3.1.tgz",
      "integrity": "sha512-OlQdbZ7gLfGarSqxesMesDa5uz7KFbID8Kpq/SxIoNGDqY8lSYs0D+hhtBXhcdB3rcbXArFr7vlHheLk1voeNA=="
    },
    "js-tokens": {
      "version": "4.0.0",
      "resolved": "https://registry.npmjs.org/js-tokens/-/js-tokens-4.0.0.tgz",
      "integrity": "sha512-RdJUflcE3cUzKiMqQgsCu06FPu9UdIJO0beYbPhHN4k6apgJtifcoCtT9bcxOpYBtpD2kCM6Sbzg4CausW/PKQ=="
    },
    "loose-envify": {
      "version": "1.4.0",
      "resolved": "https://registry.npmjs.org/loose-envify/-/loose-envify-1.4.0.tgz",
      "integrity": "sha512-lyuxPGr/Wfhrlem2CL/UcnUc1zcqKAImBDzukY7Y5F/yQiNdko6+fRLevlw1HgMySw7f611UIY408EtxRSoK3Q==",
      "requires": {
        "js-tokens": "^3.0.0 || ^4.0.0"
      }
    },
    "object-assign": {
      "version": "4.1.1",
      "resolved": "https://registry.npmjs.org/object-assign/-/object-assign-4.1.1.tgz",
      "integrity": "sha1-IQmtx5ZYh8/AXLvUQsrIv7s2CGM="
    },
    "prop-types": {
      "version": "15.8.1",
      "resolved": "https://registry.npmjs.org/prop-types/-/prop-types-15.8.1.tgz",
      "integrity": "sha512-oj87CgZICdulUohogVAR7AjlC0327U4el4L6eAvOqCeudMDVU0NThNaV+b9Df4dXgSP1gXMTnPdhfe/2qDH5cg==",
      "requires": {
        "loose-envify": "^1.4.0",
        "object-assign": "^4.1.1",
        "react-is": "^16.13.1"
      }
    },
    "react": {
      "version": "18.1.0",
      "resolved": "https://registry.npmjs.org/react/-/react-18.1.0.tgz",
      "integrity": "sha512-4oL8ivCz5ZEPyclFQXaNksK3adutVS8l2xzZU0cqEFrE9Sb7fC0EFK5uEk74wIreL1DERyjvsU915j1pcT2uEQ==",
      "requires": {
        "loose-envify": "^1.1.0"
      }
    },
    "react-dom": {
      "version": "18.1.0",
      "resolved": "https://registry.npmjs.org/react-dom/-/react-dom-18.1.0.tgz",
      "integrity": "sha512-fU1Txz7Budmvamp7bshe4Zi32d0ll7ect+ccxNu9FlObT605GOEB8BfO4tmRJ39R5Zj831VCpvQ05QPBW5yb+w==",
      "peer": true,
      "requires": {
        "loose-envify": "^1.1.0",
        "scheduler": "^0.22.0"
      }
    },
    "react-fast-compare": {
      "version": "3.2.0",
      "resolved": "https://registry.npmjs.org/react-fast-compare/-/react-fast-compare-3.2.0.tgz",
      "integrity": "sha512-rtGImPZ0YyLrscKI9xTpV8psd6I8VAtjKCzQDlzyDvqJA8XOW78TXYQwNRNd8g8JZnDu8q9Fu/1v4HPAVwVdHA=="
    },
    "react-instantsearch-core": {
      "version": "6.26.0",
      "resolved": "https://registry.npmjs.org/react-instantsearch-core/-/react-instantsearch-core-6.26.0.tgz",
      "integrity": "sha512-rBfyP05t6SHuBcXiKibzz0jgA8/qLepy4J/RWb9z++GM6wHO/D0Rhs5eFCw9fBJbXKs3iw1FR5BhxuJV1zBhsQ==",
      "requires": {
        "@babel/runtime": "^7.1.2",
        "algoliasearch-helper": "^3.8.0",
        "prop-types": "^15.6.2",
        "react-fast-compare": "^3.0.0"
      }
    },
    "react-instantsearch-dom": {
      "version": "6.26.0",
      "resolved": "https://registry.npmjs.org/react-instantsearch-dom/-/react-instantsearch-dom-6.26.0.tgz",
      "integrity": "sha512-ai3FlvfhZ019OmOG9V4fdIA28Vlw9KuvHEsG9Nl4WkB3Ic4aPxuxaPNxnlT1CXTIVFgegptkVxi6A0iQvaTCcA==",
      "requires": {
        "@babel/runtime": "^7.1.2",
        "algoliasearch-helper": "^3.8.0",
        "classnames": "^2.2.5",
        "prop-types": "^15.6.2",
        "react-fast-compare": "^3.0.0",
        "react-instantsearch-core": "6.26.0"
      }
    },
    "react-is": {
      "version": "16.13.1",
      "resolved": "https://registry.npmjs.org/react-is/-/react-is-16.13.1.tgz",
      "integrity": "sha512-24e6ynE2H+OKt4kqsOvNd8kBpV65zoxbA4BVsEOB3ARVWQki/DHzaUoC5KuON/BiccDaCCTZBuOcfZs70kR8bQ=="
    },
    "regenerator-runtime": {
      "version": "0.13.9",
      "resolved": "https://registry.npmjs.org/regenerator-runtime/-/regenerator-runtime-0.13.9.tgz",
      "integrity": "sha512-p3VT+cOEgxFsRRA9X4lkI1E+k2/CtnKtU4gcxyaCUreilL/vqI6CdZ3wxVUx3UOUg+gnUOQQcRI7BmSI656MYA=="
    },
    "scheduler": {
      "version": "0.22.0",
      "resolved": "https://registry.npmjs.org/scheduler/-/scheduler-0.22.0.tgz",
      "integrity": "sha512-6QAm1BgQI88NPYymgGQLCZgvep4FyePDWFpXVK+zNSUgHwlqpJy8VEh8Et0KxTACS4VWwMousBElAZOH9nkkoQ==",
      "peer": true,
      "requires": {
        "loose-envify": "^1.1.0"
      }
    }
  }
}
